
Microsoft Visual Studio Solution File, Format Version 12.00
# Visual Studio Version 18
VisualStudioVersion = 18.7.11919.86 stable
MinimumVisualStudioVersion = 10.0.40219.1
Project("{FAE04EC0-301F-11D3-BF4B-00C04F79EFBC}") = "DemoDB2", "DemoDB2\DemoDB2.csproj", "{C2A617C2-71BC-4A21-B24D-283078EC73C3}"
EndProject
Project("{FAE04EC0-301F-11D3-BF4B-00C04F79EFBC}") = "AdminCore", "AdminCore\AdminCore.csproj", "{150193B4-AA81-FD95-1EAD-996BBA545527}"
EndProject
Global
	GlobalSection(SolutionConfigurationPlatforms) = preSolution
		Debug|Any CPU = Debug|Any CPU
		Release|Any CPU = Release|Any CPU
	EndGlobalSection
	GlobalSection(ProjectConfigurationPlatforms) = postSolution
		{C2A617C2-71BC-4A21-B24D-283078EC73C3}.Debug|Any CPU.ActiveCfg = Debug|Any CPU
		{C2A617C2-71BC-4A21-B24D-283078EC73C3}.Debug|Any CPU.Build.0 = Debug|Any CPU
		{C2A617C2-71BC-4A21-B24D-283078EC73C3}.Release|Any CPU.ActiveCfg = Release|Any CPU
		{C2A617C2-71BC-4A21-B24D-283078EC73C3}.Release|Any CPU.Build.0 = Release|Any CPU
		{150193B4-AA81-FD95-1EAD-996BBA545527}.Debug|Any CPU.ActiveCfg = Debug|Any CPU
		{150193B4-AA81-FD95-1EAD-996BBA545527}.Debug|Any CPU.Build.0 = Debug|Any CPU
		{150193B4-AA81-FD95-1EAD-996BBA545527}.Release|Any CPU.ActiveCfg = Release|Any CPU
		{150193B4-AA81-FD95-1EAD-996BBA545527}.Release|Any CPU.Build.0 = Release|Any CPU
	EndGlobalSection
	GlobalSection(SolutionProperties) = preSolution
		HideSolutionNode = FALSE
	EndGlobalSection
	GlobalSection(ExtensibilityGlobals) = postSolution
		SolutionGuid = {2C5115CF-5FC2-443F-B0CE-2185AFFC36A3}
	EndGlobalSection
EndGlobal
