
Microsoft Visual Studio Solution File, Format Version 12.00
# Visual Studio Version 18
VisualStudioVersion = 18.7.11919.86 stable
MinimumVisualStudioVersion = 10.0.40219.1
Project("{FAE04EC0-301F-11D3-BF4B-00C04F79EFBC}") = "DoGiaDung", "DoGiaDung\DoGiaDung.csproj", "{436D0416-C635-4119-99CC-8EC0E341C77E}"
EndProject
Project("{FAE04EC0-301F-11D3-BF4B-00C04F79EFBC}") = "UserCore", "UserCore\UserCore.csproj", "{F483A249-C7E6-CEA3-CB26-AB4A6693F6ED}"
EndProject
Global
	GlobalSection(SolutionConfigurationPlatforms) = preSolution
		Debug|Any CPU = Debug|Any CPU
		Release|Any CPU = Release|Any CPU
	EndGlobalSection
	GlobalSection(ProjectConfigurationPlatforms) = postSolution
		{436D0416-C635-4119-99CC-8EC0E341C77E}.Debug|Any CPU.ActiveCfg = Debug|Any CPU
		{436D0416-C635-4119-99CC-8EC0E341C77E}.Debug|Any CPU.Build.0 = Debug|Any CPU
		{436D0416-C635-4119-99CC-8EC0E341C77E}.Release|Any CPU.ActiveCfg = Release|Any CPU
		{436D0416-C635-4119-99CC-8EC0E341C77E}.Release|Any CPU.Build.0 = Release|Any CPU
		{F483A249-C7E6-CEA3-CB26-AB4A6693F6ED}.Debug|Any CPU.ActiveCfg = Debug|Any CPU
		{F483A249-C7E6-CEA3-CB26-AB4A6693F6ED}.Debug|Any CPU.Build.0 = Debug|Any CPU
		{F483A249-C7E6-CEA3-CB26-AB4A6693F6ED}.Release|Any CPU.ActiveCfg = Release|Any CPU
		{F483A249-C7E6-CEA3-CB26-AB4A6693F6ED}.Release|Any CPU.Build.0 = Release|Any CPU
	EndGlobalSection
	GlobalSection(SolutionProperties) = preSolution
		HideSolutionNode = FALSE
	EndGlobalSection
	GlobalSection(ExtensibilityGlobals) = postSolution
		SolutionGuid = {3D42428F-3024-439C-8712-AB00B4AB81F2}
	EndGlobalSection
EndGlobal
